<Solution>
  <Folder Name="/samples/">
    <Project Path="samples/BreakReminder/BreakReminder.csproj" />
  </Folder>
  <Folder Name="/src/">
    <Project Path="src/Notch.App/Notch.App.csproj" />
    <Project Path="src/Notch.Core/Notch.Core.csproj" />
    <Project Path="src/Notch.Hook/Notch.Hook.csproj" />
    <Project Path="src/Notch.Platform/Notch.Platform.csproj" />
  </Folder>
  <Folder Name="/tests/">
    <Project Path="tests/Notch.Core.Tests/Notch.Core.Tests.csproj" />
  </Folder>
</Solution>
